
Microsoft Visual Studio Solution File, Format Version 12.00
Project("{FAE04EC0-301F-11D3-BF4B-00C04F79EFBC}") = "Kolokwium_Nr1_GrB", "Kolokwium_Nr1_GrB\Kolokwium_Nr1_GrB.csproj", "{D523C172-5049-4763-97DC-EB6C5B3691ED}"
EndProject
Global
	GlobalSection(SolutionConfigurationPlatforms) = preSolution
		Debug|Any CPU = Debug|Any CPU
		Release|Any CPU = Release|Any CPU
	EndGlobalSection
	GlobalSection(ProjectConfigurationPlatforms) = postSolution
		{D523C172-5049-4763-97DC-EB6C5B3691ED}.Debug|Any CPU.ActiveCfg = Debug|Any CPU
		{D523C172-5049-4763-97DC-EB6C5B3691ED}.Debug|Any CPU.Build.0 = Debug|Any CPU
		{D523C172-5049-4763-97DC-EB6C5B3691ED}.Release|Any CPU.ActiveCfg = Release|Any CPU
		{D523C172-5049-4763-97DC-EB6C5B3691ED}.Release|Any CPU.Build.0 = Release|Any CPU
	EndGlobalSection
EndGlobal
